{
  "nodes": {
    "flake-utils": {
      "locked": {
        "lastModified": 1680946745,
        "narHash": "sha256-KqGlwg9UTDsFBZZB8wzXgMnc8XQm95LtSbFvBsnqkPI=",
        "owner": "numtide",
        "repo": "flake-utils",
        "rev": "946da791763db1c306b86a8bd3828bf5814a1247",
        "type": "github"
      },
      "original": {
        "owner": "numtide",
        "repo": "flake-utils",
        "type": "github"
      }
    },
    "nixpkgs": {
      "locked": {
        "lastModified": 1680987653,
        "narHash": "sha256-hAuo+nfs6aXhklNxTcqBKGbMjQ4+COf9JPThLt47eiU=",
        "owner": "NixOS",
        "repo": "nixpkgs",
        "rev": "075dce259f6ced5cee1226dd76474d0674b54e64",
        "type": "github"
      },
      "original": {
        "owner": "NixOS",
        "ref": "master",
        "repo": "nixpkgs",
        "type": "github"
      }
    },
    "poetry2nix": {
      "inputs": {
        "flake-utils": [
          "flake-utils"
        ],
        "nixpkgs": [
          "nixpkgs"
        ]
      },
      "locked": {
        "lastModified": 1680741011,
        "narHash": "sha256-yngUYI0IzwlvPq0pydX9B781munOueoSyzR69nlQQjY=",
        "owner": "nix-community",
        "repo": "poetry2nix",
        "rev": "585f19cce38a7f75d5bc567b17060ec45bc63ed0",
        "type": "github"
      },
      "original": {
        "owner": "nix-community",
        "repo": "poetry2nix",
        "type": "github"
      }
    },
    "root": {
      "inputs": {
        "flake-utils": "flake-utils",
        "nixpkgs": "nixpkgs",
        "poetry2nix": "poetry2nix"
      }
    }
  },
  "root": "root",
  "version": 7
}
